
Microsoft Visual Studio Solution File, Format Version 12.00
# Visual Studio Version 16
VisualStudioVersion = 16.0.33027.164
MinimumVisualStudioVersion = 10.0.40219.1
Project("{FAE04EC0-301F-11D3-BF4B-00C04F79EFBC}") = "Pizza Land", "Pizza Land\Pizza Land.csproj", "{1E89D1CE-9070-4511-B876-7B74A7C2777B}"
EndProject
Global
	GlobalSection(SolutionConfigurationPlatforms) = preSolution
		Debug|Any CPU = Debug|Any CPU
		Release|Any CPU = Release|Any CPU
	EndGlobalSection
	GlobalSection(ProjectConfigurationPlatforms) = postSolution
		{1E89D1CE-9070-4511-B876-7B74A7C2777B}.Debug|Any CPU.ActiveCfg = Debug|Any CPU
		{1E89D1CE-9070-4511-B876-7B74A7C2777B}.Debug|Any CPU.Build.0 = Debug|Any CPU
		{1E89D1CE-9070-4511-B876-7B74A7C2777B}.Release|Any CPU.ActiveCfg = Release|Any CPU
		{1E89D1CE-9070-4511-B876-7B74A7C2777B}.Release|Any CPU.Build.0 = Release|Any CPU
	EndGlobalSection
	GlobalSection(SolutionProperties) = preSolution
		HideSolutionNode = FALSE
	EndGlobalSection
	GlobalSection(ExtensibilityGlobals) = postSolution
		SolutionGuid = {221D9D00-0FF2-4AB5-8F8A-FE689B0F4DD1}
	EndGlobalSection
EndGlobal
